
Microsoft Visual Studio Solution File, Format Version 12.00
# Visual Studio 2013
VisualStudioVersion = 12.0.31101.0
MinimumVisualStudioVersion = 10.0.40219.1
Project("{FAE04EC0-301F-11D3-BF4B-00C04F79EFBC}") = "Prilozhenie_41.ODataBackend", "ODataBackend/Prilozhenie_41.ODataBackend.csproj", "{6CDC8BE1-EA56-4CD6-AD27-96FDFCBDEFFA}"
EndProject
Project("{FAE04EC0-301F-11D3-BF4B-00C04F79EFBC}") = "Prilozhenie_41.Objects", "Objects/Prilozhenie_41.Objects.csproj", "{A2D91648-5148-4CCB-BFA3-2F58101CC05E}"
EndProject
Global
	GlobalSection(SolutionConfigurationPlatforms) = preSolution
Debug|Any CPU = Debug|Any CPU
Release|Any CPU = Release|Any CPU
	EndGlobalSection
	GlobalSection(ProjectConfigurationPlatforms) = postSolution
		{6CDC8BE1-EA56-4CD6-AD27-96FDFCBDEFFA}.Debug|Any CPU.ActiveCfg = Debug|Any CPU
		{6CDC8BE1-EA56-4CD6-AD27-96FDFCBDEFFA}.Debug|Any CPU.Build.0 = Debug|Any CPU
		{6CDC8BE1-EA56-4CD6-AD27-96FDFCBDEFFA}.Release|Any CPU.ActiveCfg = Release|Any CPU
		{6CDC8BE1-EA56-4CD6-AD27-96FDFCBDEFFA}.Release|Any CPU.Build.0 = Release|Any CPU
		{A2D91648-5148-4CCB-BFA3-2F58101CC05E}.Debug|Any CPU.ActiveCfg = Debug|Any CPU
		{A2D91648-5148-4CCB-BFA3-2F58101CC05E}.Debug|Any CPU.Build.0 = Debug|Any CPU
		{A2D91648-5148-4CCB-BFA3-2F58101CC05E}.Release|Any CPU.ActiveCfg = Release|Any CPU
		{A2D91648-5148-4CCB-BFA3-2F58101CC05E}.Release|Any CPU.Build.0 = Release|Any CPU
	EndGlobalSection
	GlobalSection(SolutionProperties) = preSolution
		HideSolutionNode = FALSE
	EndGlobalSection
EndGlobal
